
Microsoft Visual Studio Solution File, Format Version 12.00
# Visual Studio Version 16
VisualStudioVersion = 25.0.1706.11
MinimumVisualStudioVersion = 10.0.40219.1
Project("{FAE04EC0-301F-11D3-BF4B-00C04F79EFBC}") = "TSD2491-oblig1-250074", "TSD2491-oblig1-250074\TSD2491-oblig1-250074.csproj", "{CAB2D205-053F-47EC-B9A9-697BB50CDF99}"
EndProject
Global
	GlobalSection(SolutionConfigurationPlatforms) = preSolution
		Debug|Any CPU = Debug|Any CPU
		Release|Any CPU = Release|Any CPU
	EndGlobalSection
	GlobalSection(ProjectConfigurationPlatforms) = postSolution
		{CAB2D205-053F-47EC-B9A9-697BB50CDF99}.Debug|Any CPU.ActiveCfg = Debug|Any CPU
		{CAB2D205-053F-47EC-B9A9-697BB50CDF99}.Debug|Any CPU.Build.0 = Debug|Any CPU
		{CAB2D205-053F-47EC-B9A9-697BB50CDF99}.Release|Any CPU.ActiveCfg = Release|Any CPU
		{CAB2D205-053F-47EC-B9A9-697BB50CDF99}.Release|Any CPU.Build.0 = Release|Any CPU
	EndGlobalSection
	GlobalSection(SolutionProperties) = preSolution
		HideSolutionNode = FALSE
	EndGlobalSection
	GlobalSection(ExtensibilityGlobals) = postSolution
		SolutionGuid = {CD859AA7-EA44-4680-935E-4D4FC37CD117}
	EndGlobalSection
EndGlobal
